
Microsoft Visual Studio Solution File, Format Version 12.00
# Visual Studio Version 17
VisualStudioVersion = 17.2.32616.157
MinimumVisualStudioVersion = 10.0.40219.1
Project("{FAE04EC0-301F-11D3-BF4B-00C04F79EFBC}") = "Furtiv", "Furtiv\Furtiv.csproj", "{B8F4ACFA-E331-4947-9DEB-AE4C173AD7BA}"
EndProject
Global
	GlobalSection(SolutionConfigurationPlatforms) = preSolution
		Debug|Any CPU = Debug|Any CPU
		Release|Any CPU = Release|Any CPU
	EndGlobalSection
	GlobalSection(ProjectConfigurationPlatforms) = postSolution
		{B8F4ACFA-E331-4947-9DEB-AE4C173AD7BA}.Debug|Any CPU.ActiveCfg = Debug|Any CPU
		{B8F4ACFA-E331-4947-9DEB-AE4C173AD7BA}.Debug|Any CPU.Build.0 = Debug|Any CPU
		{B8F4ACFA-E331-4947-9DEB-AE4C173AD7BA}.Release|Any CPU.ActiveCfg = Release|Any CPU
		{B8F4ACFA-E331-4947-9DEB-AE4C173AD7BA}.Release|Any CPU.Build.0 = Release|Any CPU
	EndGlobalSection
	GlobalSection(SolutionProperties) = preSolution
		HideSolutionNode = FALSE
	EndGlobalSection
	GlobalSection(ExtensibilityGlobals) = postSolution
		SolutionGuid = {F3FC010E-0358-4D6A-86F4-B322CBCEABA5}
	EndGlobalSection
EndGlobal
